
Microsoft Visual Studio Solution File, Format Version 12.00
# Visual Studio 2013
VisualStudioVersion = 12.0.30110.0
MinimumVisualStudioVersion = 10.0.40219.1
Project("{8BC9CEB8-8B4A-11D0-8D11-00A0C91BC942}") = "HomeWork02", "HomeWork02\HomeWork02.vcxproj", "{D9C1B6B1-C2BF-42F5-8A8C-601EB1B2E057}"
EndProject
Global
	GlobalSection(SolutionConfigurationPlatforms) = preSolution
		Debug|Win32 = Debug|Win32
		Release|Win32 = Release|Win32
	EndGlobalSection
	GlobalSection(ProjectConfigurationPlatforms) = postSolution
		{D9C1B6B1-C2BF-42F5-8A8C-601EB1B2E057}.Debug|Win32.ActiveCfg = Debug|Win32
		{D9C1B6B1-C2BF-42F5-8A8C-601EB1B2E057}.Debug|Win32.Build.0 = Debug|Win32
		{D9C1B6B1-C2BF-42F5-8A8C-601EB1B2E057}.Release|Win32.ActiveCfg = Release|Win32
		{D9C1B6B1-C2BF-42F5-8A8C-601EB1B2E057}.Release|Win32.Build.0 = Release|Win32
	EndGlobalSection
	GlobalSection(SolutionProperties) = preSolution
		HideSolutionNode = FALSE
	EndGlobalSection
EndGlobal
