
Microsoft Visual Studio Solution File, Format Version 12.00
# Visual Studio 2013
VisualStudioVersion = 12.0.30110.0
MinimumVisualStudioVersion = 10.0.40219.1
Project("{8BC9CEB8-8B4A-11D0-8D11-00A0C91BC942}") = "MainProject", "MainProject\MainProject.vcxproj", "{6F5A721C-2B86-4139-8287-5192CF7B13C6}"
EndProject
Project("{8BC9CEB8-8B4A-11D0-8D11-00A0C91BC942}") = "DXMeshSample", "DXMeshSample\DXMeshSample.vcxproj", "{5C8D5066-CB7B-4CD8-908E-10663CA6168F}"
EndProject
Global
	GlobalSection(SolutionConfigurationPlatforms) = preSolution
		Debug|Win32 = Debug|Win32
		Release|Win32 = Release|Win32
	EndGlobalSection
	GlobalSection(ProjectConfigurationPlatforms) = postSolution
		{6F5A721C-2B86-4139-8287-5192CF7B13C6}.Debug|Win32.ActiveCfg = Debug|Win32
		{6F5A721C-2B86-4139-8287-5192CF7B13C6}.Debug|Win32.Build.0 = Debug|Win32
		{6F5A721C-2B86-4139-8287-5192CF7B13C6}.Release|Win32.ActiveCfg = Release|Win32
		{6F5A721C-2B86-4139-8287-5192CF7B13C6}.Release|Win32.Build.0 = Release|Win32
		{5C8D5066-CB7B-4CD8-908E-10663CA6168F}.Debug|Win32.ActiveCfg = Debug|Win32
		{5C8D5066-CB7B-4CD8-908E-10663CA6168F}.Debug|Win32.Build.0 = Debug|Win32
		{5C8D5066-CB7B-4CD8-908E-10663CA6168F}.Release|Win32.ActiveCfg = Release|Win32
		{5C8D5066-CB7B-4CD8-908E-10663CA6168F}.Release|Win32.Build.0 = Release|Win32
	EndGlobalSection
	GlobalSection(SolutionProperties) = preSolution
		HideSolutionNode = FALSE
	EndGlobalSection
EndGlobal
